dependencies:
- name: kube-prometheus-stack
  repository: https://prometheus-community.github.io/helm-charts
  version: 91.8.1
- name: loki
  repository: https://grafana.github.io/helm-charts
  version: 7.3.0
- name: alloy
  repository: https://grafana.github.io/helm-charts
  version: 1.13.0
digest: sha256:fd554a420a30ac0ad3fc2c5b6027469b200d789fcc86018ae61da6021ff8375d
generated: "2026-09-28T15:40:05.803526646+05:45"
